// !$*UTF8*$!
{
	archiveVersion = 1;
	classes = {
	};
	objectVersion = 46;
	objects = {

/* Begin PBXBuildFile section */
		4E106AD7182283BC00A7D6FF /* Foundation.framework in Frameworks */ = {isa = PBXBuildFile; fileRef = 4E106AD6182283BC00A7D6FF /* Foundation.framework */; };
		4E106AD9182283BC00A7D6FF /* CoreGraphics.framework in Frameworks */ = {isa = PBXBuildFile; fileRef = 4E106AD8182283BC00A7D6FF /* CoreGraphics.framework */; };
		4E106ADB182283BC00A7D6FF /* UIKit.framework in Frameworks */ = {isa = PBXBuildFile; fileRef = 4E106ADA182283BC00A7D6FF /* UIKit.framework */; };
		4E106AE1182283BC00A7D6FF /* InfoPlist.strings in Resources */ = {isa = PBXBuildFile; fileRef = 4E106ADF182283BC00A7D6FF /* InfoPlist.strings */; };
		4E106AE3182283BC00A7D6FF /* main.m in Sources */ = {isa = PBXBuildFile; fileRef = 4E106AE2182283BC00A7D6FF /* main.m */; };
		4E106AE7182283BC00A7D6FF /* AppDelegate.m in Sources */ = {isa = PBXBuildFile; fileRef = 4E106AE6182283BC00A7D6FF /* AppDelegate.m */; };
		4E106AEA182283BC00A7D6FF /* Main.storyboard in Resources */ = {isa = PBXBuildFile; fileRef = 4E106AE8182283BC00A7D6FF /* Main.storyboard */; };
		4E106AED182283BC00A7D6FF /* ViewController.m in Sources */ = {isa = PBXBuildFile; fileRef = 4E106AEC182283BC00A7D6FF /* ViewController.m */; };
		4E106AEF182283BC00A7D6FF /* Images.xcassets in Resources */ = {isa = PBXBuildFile; fileRef = 4E106AEE182283BC00A7D6FF /* Images.xcassets */; };
		4E106AF6182283BC00A7D6FF /* XCTest.framework in Frameworks */ = {isa = PBXBuildFile; fileRef = 4E106AF5182283BC00A7D6FF /* XCTest.framework */; };
		4E106AF7182283BC00A7D6FF /* Foundation.framework in Frameworks */ = {isa = PBXBuildFile; fileRef = 4E106AD6182283BC00A7D6FF /* Foundation.framework */; };
		4E106AF8182283BC00A7D6FF /* UIKit.framework in Frameworks */ = {isa = PBXBuildFile; fileRef = 4E106ADA182283BC00A7D6FF /* UIKit.framework */; };
		4E106B00182283BC00A7D6FF /* InfoPlist.strings in Resources */ = {isa = PBXBuildFile; fileRef = 4E106AFE182283BC00A7D6FF /* InfoPlist.strings */; };
		4E106B02182283BC00A7D6FF /* AntonTests.m in Sources */ = {isa = PBXBuildFile; fileRef = 4E106B01182283BC00A7D6FF /* AntonTests.m */; };
/* End PBXBuildFile section */

/* Begin PBXContainerItemProxy section */
		4E106AF9182283BC00A7D6FF /* PBXContainerItemProxy */ = {
			isa = PBXContainerItemProxy;
			containerPortal = 4E106ACB182283BC00A7D6FF /* Project object */;
			proxyType = 1;
			remoteGlobalIDString = 4E106AD2182283BC00A7D6FF;
			remoteInfo = Anton;
		};
/* End PBXContainerItemProxy section */

/* Begin PBXFileReference section */
		4E106AD3182283BC00A7D6FF /* Anton.app */ = {isa = PBXFileReference; explicitFileType = wrapper.application; includeInIndex = 0; path = Anton.app; sourceTree = BUILT_PRODUCTS_DIR; };
		4E106AD6182283BC00A7D6FF /* Foundation.framework */ = {isa = PBXFileReference; lastKnownFileType = wrapper.framework; name = Foundation.framework; path = System/Library/Frameworks/Foundation.framework; sourceTree = SDKROOT; };
		4E106AD8182283BC00A7D6FF /* CoreGraphics.framework */ = {isa = PBXFileReference; lastKnownFileType = wrapper.framework; name = CoreGraphics.framework; path = System/Library/Frameworks/CoreGraphics.framework; sourceTree = SDKROOT; };
		4E106ADA182283BC00A7D6FF /* UIKit.framework */ = {isa = PBXFileReference; lastKnownFileType = wrapper.framework; name = UIKit.framework; path = System/Library/Frameworks/UIKit.framework; sourceTree = SDKROOT; };
		4E106ADE182283BC00A7D6FF /* Anton-Info.plist */ = {isa = PBXFileReference; lastKnownFileType = text.plist.xml; path = "Anton-Info.plist"; sourceTree = "<group>"; };
		4E106AE0182283BC00A7D6FF /* en */ = {isa = PBXFileReference; lastKnownFileType = text.plist.strings; name = en; path = en.lproj/InfoPlist.strings; sourceTree = "<group>"; };
		4E106AE2182283BC00A7D6FF /* main.m */ = {isa = PBXFileReference; lastKnownFileType = sourcecode.c.objc; path = main.m; sourceTree = "<group>"; };
		4E106AE4182283BC00A7D6FF /* Anton-Prefix.pch */ = {isa = PBXFileReference; lastKnownFileType = sourcecode.c.h; path = "Anton-Prefix.pch"; sourceTree = "<group>"; };
		4E106AE5182283BC00A7D6FF /* AppDelegate.h */ = {isa = PBXFileReference; lastKnownFileType = sourcecode.c.h; path = AppDelegate.h; sourceTree = "<group>"; };
		4E106AE6182283BC00A7D6FF /* AppDelegate.m */ = {isa = PBXFileReference; lastKnownFileType = sourcecode.c.objc; path = AppDelegate.m; sourceTree = "<group>"; };
		4E106AE9182283BC00A7D6FF /* Base */ = {isa = PBXFileReference; lastKnownFileType = file.storyboard; name = Base; path = Base.lproj/Main.storyboard; sourceTree = "<group>"; };
		4E106AEB182283BC00A7D6FF /* ViewController.h */ = {isa = PBXFileReference; lastKnownFileType = sourcecode.c.h; path = ViewController.h; sourceTree = "<group>"; };
		4E106AEC182283BC00A7D6FF /* ViewController.m */ = {isa = PBXFileReference; lastKnownFileType = sourcecode.c.objc; path = ViewController.m; sourceTree = "<group>"; };
		4E106AEE182283BC00A7D6FF /* Images.xcassets */ = {isa = PBXFileReference; lastKnownFileType = folder.assetcatalog; path = Images.xcassets; sourceTree = "<group>"; };
		4E106AF4182283BC00A7D6FF /* AntonTests.xctest */ = {isa = PBXFileReference; explicitFileType = wrapper.cfbundle; includeInIndex = 0; path = AntonTests.xctest; sourceTree = BUILT_PRODUCTS_DIR; };
		4E106AF5182283BC00A7D6FF /* XCTest.framework */ = {isa = PBXFileReference; lastKnownFileType = wrapper.framework; name = XCTest.framework; path = Library/Frameworks/XCTest.framework; sourceTree = DEVELOPER_DIR; };
		4E106AFD182283BC00A7D6FF /* AntonTests-Info.plist */ = {isa = PBXFileReference; lastKnownFileType = text.plist.xml; path = "AntonTests-Info.plist"; sourceTree = "<group>"; };
		4E106AFF182283BC00A7D6FF /* en */ = {isa = PBXFileReference; lastKnownFileType = text.plist.strings; name = en; path = en.lproj/InfoPlist.strings; sourceTree = "<group>"; };
		4E106B01182283BC00A7D6FF /* AntonTests.m */ = {isa = PBXFileReference; lastKnownFileType = sourcecode.c.objc; path = AntonTests.m; sourceTree = "<group>"; };
/* End PBXFileReference section */

/* Begin PBXFrameworksBuildPhase section */
		4E106AD0182283BC00A7D6FF /* Frameworks */ = {
			isa = PBXFrameworksBuildPhase;
			buildActionMask = 2147483647;
			files = (
				4E106AD9182283BC00A7D6FF /* CoreGraphics.framework in Frameworks */,
				4E106ADB182283BC00A7D6FF /* UIKit.framework in Frameworks */,
				4E106AD7182283BC00A7D6FF /* Foundation.framework in Frameworks */,
			);
			runOnlyForDeploymentPostprocessing = 0;
		};
		4E106AF1182283BC00A7D6FF /* Frameworks */ = {
			isa = PBXFrameworksBuildPhase;
			buildActionMask = 2147483647;
			files = (
				4E106AF6182283BC00A7D6FF /* XCTest.framework in Frameworks */,
				4E106AF8182283BC00A7D6FF /* UIKit.framework in Frameworks */,
				4E106AF7182283BC00A7D6FF /* Foundation.framework in Frameworks */,
			);
			runOnlyForDeploymentPostprocessing = 0;
		};
/* End PBXFrameworksBuildPhase section */

/* Begin PBXGroup section */
		4E106ACA182283BC00A7D6FF = {
			isa = PBXGroup;
			children = (
				4E106ADC182283BC00A7D6FF /* Anton */,
				4E106AFB182283BC00A7D6FF /* AntonTests */,
				4E106AD5182283BC00A7D6FF /* Frameworks */,
				4E106AD4182283BC00A7D6FF /* Products */,
			);
			sourceTree = "<group>";
		};
		4E106AD4182283BC00A7D6FF /* Products */ = {
			isa = PBXGroup;
			children = (
				4E106AD3182283BC00A7D6FF /* Anton.app */,
				4E106AF4182283BC00A7D6FF /* AntonTests.xctest */,
			);
			name = Products;
			sourceTree = "<group>";
		};
		4E106AD5182283BC00A7D6FF /* Frameworks */ = {
			isa = PBXGroup;
			children = (
				4E106AD6182283BC00A7D6FF /* Foundation.framework */,
				4E106AD8182283BC00A7D6FF /* CoreGraphics.framework */,
				4E106ADA182283BC00A7D6FF /* UIKit.framework */,
				4E106AF5182283BC00A7D6FF /* XCTest.framework */,
			);
			name = Frameworks;
			sourceTree = "<group>";
		};
		4E106ADC182283BC00A7D6FF /* Anton */ = {
			isa = PBXGroup;
			children = (
				4E106AE5182283BC00A7D6FF /* AppDelegate.h */,
				4E106AE6182283BC00A7D6FF /* AppDelegate.m */,
				4E106AE8182283BC00A7D6FF /* Main.storyboard */,
				4E106AEB182283BC00A7D6FF /* ViewController.h */,
				4E106AEC182283BC00A7D6FF /* ViewController.m */,
				4E106AEE182283BC00A7D6FF /* Images.xcassets */,
				4E106ADD182283BC00A7D6FF /* Supporting Files */,
			);
			path = Anton;
			sourceTree = "<group>";
		};
		4E106ADD182283BC00A7D6FF /* Supporting Files */ = {
			isa = PBXGroup;
			children = (
				4E106ADE182283BC00A7D6FF /* Anton-Info.plist */,
				4E106ADF182283BC00A7D6FF /* InfoPlist.strings */,
				4E106AE2182283BC00A7D6FF /* main.m */,
				4E106AE4182283BC00A7D6FF /* Anton-Prefix.pch */,
			);
			name = "Supporting Files";
			sourceTree = "<group>";
		};
		4E106AFB182283BC00A7D6FF /* AntonTests */ = {
			isa = PBXGroup;
			children = (
				4E106B01182283BC00A7D6FF /* AntonTests.m */,
				4E106AFC182283BC00A7D6FF /* Supporting Files */,
			);
			path = AntonTests;
			sourceTree = "<group>";
		};
		4E106AFC182283BC00A7D6FF /* Supporting Files */ = {
			isa = PBXGroup;
			children = (
				4E106AFD182283BC00A7D6FF /* AntonTests-Info.plist */,
				4E106AFE182283BC00A7D6FF /* InfoPlist.strings */,
			);
			name = "Supporting Files";
			sourceTree = "<group>";
		};
/* End PBXGroup section */

/* Begin PBXNativeTarget section */
		4E106AD2182283BC00A7D6FF /* Anton */ = {
			isa = PBXNativeTarget;
			buildConfigurationList = 4E106B05182283BC00A7D6FF /* Build configuration list for PBXNativeTarget "Anton" */;
			buildPhases = (
				4E106ACF182283BC00A7D6FF /* Sources */,
				4E106AD0182283BC00A7D6FF /* Frameworks */,
				4E106AD1182283BC00A7D6FF /* Resources */,
			);
			buildRules = (
			);
			dependencies = (
			);
			name = Anton;
			productName = Anton;
			productReference = 4E106AD3182283BC00A7D6FF /* Anton.app */;
			productType = "com.apple.product-type.application";
		};
		4E106AF3182283BC00A7D6FF /* AntonTests */ = {
			isa = PBXNativeTarget;
			buildConfigurationList = 4E106B08182283BC00A7D6FF /* Build configuration list for PBXNativeTarget "AntonTests" */;
			buildPhases = (
				4E106AF0182283BC00A7D6FF /* Sources */,
				4E106AF1182283BC00A7D6FF /* Frameworks */,
				4E106AF2182283BC00A7D6FF /* Resources */,
			);
			buildRules = (
			);
			dependencies = (
				4E106AFA182283BC00A7D6FF /* PBXTargetDependency */,
			);
			name = AntonTests;
			productName = AntonTests;
			productReference = 4E106AF4182283BC00A7D6FF /* AntonTests.xctest */;
			productType = "com.apple.product-type.bundle.unit-test";
		};
/* End PBXNativeTarget section */

/* Begin PBXProject section */
		4E106ACB182283BC00A7D6FF /* Project object */ = {
			isa = PBXProject;
			attributes = {
				LastUpgradeCheck = 0500;
				ORGANIZATIONNAME = "Master-Student";
				TargetAttributes = {
					4E106AF3182283BC00A7D6FF = {
						TestTargetID = 4E106AD2182283BC00A7D6FF;
					};
				};
			};
			buildConfigurationList = 4E106ACE182283BC00A7D6FF /* Build configuration list for PBXProject "Anton" */;
			compatibilityVersion = "Xcode 3.2";
			developmentRegion = English;
			hasScannedForEncodings = 0;
			knownRegions = (
				en,
				Base,
			);
			mainGroup = 4E106ACA182283BC00A7D6FF;
			productRefGroup = 4E106AD4182283BC00A7D6FF /* Products */;
			projectDirPath = "";
			projectRoot = "";
			targets = (
				4E106AD2182283BC00A7D6FF /* Anton */,
				4E106AF3182283BC00A7D6FF /* AntonTests */,
			);
		};
/* End PBXProject section */

/* Begin PBXResourcesBuildPhase section */
		4E106AD1182283BC00A7D6FF /* Resources */ = {
			isa = PBXResourcesBuildPhase;
			buildActionMask = 2147483647;
			files = (
				4E106AEF182283BC00A7D6FF /* Images.xcassets in Resources */,
				4E106AE1182283BC00A7D6FF /* InfoPlist.strings in Resources */,
				4E106AEA182283BC00A7D6FF /* Main.storyboard in Resources */,
			);
			runOnlyForDeploymentPostprocessing = 0;
		};
		4E106AF2182283BC00A7D6FF /* Resources */ = {
			isa = PBXResourcesBuildPhase;
			buildActionMask = 2147483647;
			files = (
				4E106B00182283BC00A7D6FF /* InfoPlist.strings in Resources */,
			);
			runOnlyForDeploymentPostprocessing = 0;
		};
/* End PBXResourcesBuildPhase section */

/* Begin PBXSourcesBuildPhase section */
		4E106ACF182283BC00A7D6FF /* Sources */ = {
			isa = PBXSourcesBuildPhase;
			buildActionMask = 2147483647;
			files = (
				4E106AED182283BC00A7D6FF /* ViewController.m in Sources */,
				4E106AE7182283BC00A7D6FF /* AppDelegate.m in Sources */,
				4E106AE3182283BC00A7D6FF /* main.m in Sources */,
			);
			runOnlyForDeploymentPostprocessing = 0;
		};
		4E106AF0182283BC00A7D6FF /* Sources */ = {
			isa = PBXSourcesBuildPhase;
			buildActionMask = 2147483647;
			files = (
				4E106B02182283BC00A7D6FF /* AntonTests.m in Sources */,
			);
			runOnlyForDeploymentPostprocessing = 0;
		};
/* End PBXSourcesBuildPhase section */

/* Begin PBXTargetDependency section */
		4E106AFA182283BC00A7D6FF /* PBXTargetDependency */ = {
			isa = PBXTargetDependency;
			target = 4E106AD2182283BC00A7D6FF /* Anton */;
			targetProxy = 4E106AF9182283BC00A7D6FF /* PBXContainerItemProxy */;
		};
/* End PBXTargetDependency section */

/* Begin PBXVariantGroup section */
		4E106ADF182283BC00A7D6FF /* InfoPlist.strings */ = {
			isa = PBXVariantGroup;
			children = (
				4E106AE0182283BC00A7D6FF /* en */,
			);
			name = InfoPlist.strings;
			sourceTree = "<group>";
		};
		4E106AE8182283BC00A7D6FF /* Main.storyboard */ = {
			isa = PBXVariantGroup;
			children = (
				4E106AE9182283BC00A7D6FF /* Base */,
			);
			name = Main.storyboard;
			sourceTree = "<group>";
		};
		4E106AFE182283BC00A7D6FF /* InfoPlist.strings */ = {
			isa = PBXVariantGroup;
			children = (
				4E106AFF182283BC00A7D6FF /* en */,
			);
			name = InfoPlist.strings;
			sourceTree = "<group>";
		};
/* End PBXVariantGroup section */

/* Begin XCBuildConfiguration section */
		4E106B03182283BC00A7D6FF /* Debug */ = {
			isa = XCBuildConfiguration;
			buildSettings = {
				ALWAYS_SEARCH_USER_PATHS = NO;
				ARCHS = "$(ARCHS_STANDARD_INCLUDING_64_BIT)";
				CLANG_CXX_LANGUAGE_STANDARD = "gnu++0x";
				CLANG_CXX_LIBRARY = "libc++";
				CLANG_ENABLE_MODULES = YES;
				CLANG_ENABLE_OBJC_ARC = YES;
				CLANG_WARN_BOOL_CONVERSION = YES;
				CLANG_WARN_CONSTANT_CONVERSION = YES;
				CLANG_WARN_DIRECT_OBJC_ISA_USAGE = YES_ERROR;
				CLANG_WARN_EMPTY_BODY = YES;
				CLANG_WARN_ENUM_CONVERSION = YES;
				CLANG_WARN_INT_CONVERSION = YES;
				CLANG_WARN_OBJC_ROOT_CLASS = YES_ERROR;
				CLANG_WARN__DUPLICATE_METHOD_MATCH = YES;
				"CODE_SIGN_IDENTITY[sdk=iphoneos*]" = "iPhone Developer";
				COPY_PHASE_STRIP = NO;
				GCC_C_LANGUAGE_STANDARD = gnu99;
				GCC_DYNAMIC_NO_PIC = NO;
				GCC_OPTIMIZATION_LEVEL = 0;
				GCC_PREPROCESSOR_DEFINITIONS = (
					"DEBUG=1",
					"$(inherited)",
				);
				GCC_SYMBOLS_PRIVATE_EXTERN = NO;
				GCC_WARN_64_TO_32_BIT_CONVERSION = YES;
				GCC_WARN_ABOUT_RETURN_TYPE = YES_ERROR;
				GCC_WARN_UNDECLARED_SELECTOR = YES;
				GCC_WARN_UNINITIALIZED_AUTOS = YES;
				GCC_WARN_UNUSED_FUNCTION = YES;
				GCC_WARN_UNUSED_VARIABLE = YES;
				IPHONEOS_DEPLOYMENT_TARGET = 7.0;
				ONLY_ACTIVE_ARCH = YES;
				SDKROOT = iphoneos;
			};
			name = Debug;
		};
		4E106B04182283BC00A7D6FF /* Release */ = {
			isa = XCBuildConfiguration;
			buildSettings = {
				ALWAYS_SEARCH_USER_PATHS = NO;
				ARCHS = "$(ARCHS_STANDARD_INCLUDING_64_BIT)";
				CLANG_CXX_LANGUAGE_STANDARD = "gnu++0x";
				CLANG_CXX_LIBRARY = "libc++";
				CLANG_ENABLE_MODULES = YES;
				CLANG_ENABLE_OBJC_ARC = YES;
				CLANG_WARN_BOOL_CONVERSION = YES;
				CLANG_WARN_CONSTANT_CONVERSION = YES;
				CLANG_WARN_DIRECT_OBJC_ISA_USAGE = YES_ERROR;
				CLANG_WARN_EMPTY_BODY = YES;
				CLANG_WARN_ENUM_CONVERSION = YES;
				CLANG_WARN_INT_CONVERSION = YES;
				CLANG_WARN_OBJC_ROOT_CLASS = YES_ERROR;
				CLANG_WARN__DUPLICATE_METHOD_MATCH = YES;
				"CODE_SIGN_IDENTITY[sdk=iphoneos*]" = "iPhone Developer";
				COPY_PHASE_STRIP = YES;
				ENABLE_NS_ASSERTIONS = NO;
				GCC_C_LANGUAGE_STANDARD = gnu99;
				GCC_WARN_64_TO_32_BIT_CONVERSION = YES;
				GCC_WARN_ABOUT_RETURN_TYPE = YES_ERROR;
				GCC_WARN_UNDECLARED_SELECTOR = YES;
				GCC_WARN_UNINITIALIZED_AUTOS = YES;
				GCC_WARN_UNUSED_FUNCTION = YES;
				GCC_WARN_UNUSED_VARIABLE = YES;
				IPHONEOS_DEPLOYMENT_TARGET = 7.0;
				SDKROOT = iphoneos;
				VALIDATE_PRODUCT = YES;
			};
			name = Release;
		};
		4E106B06182283BC00A7D6FF /* Debug */ = {
			isa = XCBuildConfiguration;
			buildSettings = {
				ASSETCATALOG_COMPILER_APPICON_NAME = AppIcon;
				ASSETCATALOG_COMPILER_LAUNCHIMAGE_NAME = LaunchImage;
				GCC_PRECOMPILE_PREFIX_HEADER = YES;
				GCC_PREFIX_HEADER = "Anton/Anton-Prefix.pch";
				INFOPLIST_FILE = "Anton/Anton-Info.plist";
				PRODUCT_NAME = "$(TARGET_NAME)";
				WRAPPER_EXTENSION = app;
			};
			name = Debug;
		};
		4E106B07182283BC00A7D6FF /* Release */ = {
			isa = XCBuildConfiguration;
			buildSettings = {
				ASSETCATALOG_COMPILER_APPICON_NAME = AppIcon;
				ASSETCATALOG_COMPILER_LAUNCHIMAGE_NAME = LaunchImage;
				GCC_PRECOMPILE_PREFIX_HEADER = YES;
				GCC_PREFIX_HEADER = "Anton/Anton-Prefix.pch";
				INFOPLIST_FILE = "Anton/Anton-Info.plist";
				PRODUCT_NAME = "$(TARGET_NAME)";
				WRAPPER_EXTENSION = app;
			};
			name = Release;
		};
		4E106B09182283BC00A7D6FF /* Debug */ = {
			isa = XCBuildConfiguration;
			buildSettings = {
				ARCHS = "$(ARCHS_STANDARD_INCLUDING_64_BIT)";
				BUNDLE_LOADER = "$(BUILT_PRODUCTS_DIR)/Anton.app/Anton";
				FRAMEWORK_SEARCH_PATHS = (
					"$(SDKROOT)/Developer/Library/Frameworks",
					"$(inherited)",
					"$(DEVELOPER_FRAMEWORKS_DIR)",
				);
				GCC_PRECOMPILE_PREFIX_HEADER = YES;
				GCC_PREFIX_HEADER = "Anton/Anton-Prefix.pch";
				GCC_PREPROCESSOR_DEFINITIONS = (
					"DEBUG=1",
					"$(inherited)",
				);
				INFOPLIST_FILE = "AntonTests/AntonTests-Info.plist";
				PRODUCT_NAME = "$(TARGET_NAME)";
				TEST_HOST = "$(BUNDLE_LOADER)";
				WRAPPER_EXTENSION = xctest;
			};
			name = Debug;
		};
		4E106B0A182283BC00A7D6FF /* Release */ = {
			isa = XCBuildConfiguration;
			buildSettings = {
				ARCHS = "$(ARCHS_STANDARD_INCLUDING_64_BIT)";
				BUNDLE_LOADER = "$(BUILT_PRODUCTS_DIR)/Anton.app/Anton";
				FRAMEWORK_SEARCH_PATHS = (
					"$(SDKROOT)/Developer/Library/Frameworks",
					"$(inherited)",
					"$(DEVELOPER_FRAMEWORKS_DIR)",
				);
				GCC_PRECOMPILE_PREFIX_HEADER = YES;
				GCC_PREFIX_HEADER = "Anton/Anton-Prefix.pch";
				INFOPLIST_FILE = "AntonTests/AntonTests-Info.plist";
				PRODUCT_NAME = "$(TARGET_NAME)";
				TEST_HOST = "$(BUNDLE_LOADER)";
				WRAPPER_EXTENSION = xctest;
			};
			name = Release;
		};
/* End XCBuildConfiguration section */

/* Begin XCConfigurationList section */
		4E106ACE182283BC00A7D6FF /* Build configuration list for PBXProject "Anton" */ = {
			isa = XCConfigurationList;
			buildConfigurations = (
				4E106B03182283BC00A7D6FF /* Debug */,
				4E106B04182283BC00A7D6FF /* Release */,
			);
			defaultConfigurationIsVisible = 0;
			defaultConfigurationName = Release;
		};
		4E106B05182283BC00A7D6FF /* Build configuration list for PBXNativeTarget "Anton" */ = {
			isa = XCConfigurationList;
			buildConfigurations = (
				4E106B06182283BC00A7D6FF /* Debug */,
				4E106B07182283BC00A7D6FF /* Release */,
			);
			defaultConfigurationIsVisible = 0;
		};
		4E106B08182283BC00A7D6FF /* Build configuration list for PBXNativeTarget "AntonTests" */ = {
			isa = XCConfigurationList;
			buildConfigurations = (
				4E106B09182283BC00A7D6FF /* Debug */,
				4E106B0A182283BC00A7D6FF /* Release */,
			);
			defaultConfigurationIsVisible = 0;
		};
/* End XCConfigurationList section */
	};
	rootObject = 4E106ACB182283BC00A7D6FF /* Project object */;
}
